<?xml version="1.0" encoding="utf-8"?>
<Project ToolsVersion="4.0" xmlns="http://schemas.microsoft.com/developer/msbuild/2003">
  <ItemGroup>
    <Filter Include="Source Files">
      <UniqueIdentifier>{97fd22db-67b4-46c5-a4c7-4c90cf209f5e}</UniqueIdentifier>
    </Filter>
    <Filter Include="Link Libraries">
      <UniqueIdentifier>{9bb3ea33-892b-4eaf-964c-7bdfacf1e251}</UniqueIdentifier>
    </Filter>
    <Filter Include="Header Files">
      <UniqueIdentifier>{e18d9b6e-4af0-458e-8347-f75eeed46388}</UniqueIdentifier>
    </Filter>
  </ItemGroup>
  <ItemGroup>
    <ClInclude Include="game\server\basecombatcharacter.h">
      <Filter>Source Files</Filter>
    </ClInclude>
    <ClInclude Include="game\server\baseentity.h">
      <Filter>Source Files</Filter>
    </ClInclude>
    <ClInclude Include="game\shared\baseentity_shared.h">
      <Filter>Source Files</Filter>
    </ClInclude>
    <ClInclude Include="game\shared\lbasecombatweapon_shared.h">
      <Filter>Source Files</Filter>
    </ClInclude>
    <ClInclude Include="game\shared\lbaseentity_shared.h">
      <Filter>Source Files</Filter>
    </ClInclude>
    <ClInclude Include="game\shared\lbaseplayer_shared.h">
      <Filter>Source Files</Filter>
    </ClInclude>
    <ClInclude Include="luamanager.h">
      <Filter>Source Files</Filter>
    </ClInclude>
    <ClInclude Include="game\server\lutil.h">
      <Filter>Source Files</Filter>
    </ClInclude>
    <ClInclude Include="game\server\player.h">
      <Filter>Source Files</Filter>
    </ClInclude>
    <ClInclude Include="sigscan.h">
      <Filter>Source Files</Filter>
    </ClInclude>
    <ClInclude Include="game\server\util.h">
      <Filter>Source Files</Filter>
    </ClInclude>
    <ClInclude Include="..\..\public\tier0\basetypes.h">
      <Filter>Header Files</Filter>
    </ClInclude>
    <ClInclude Include="..\..\public\Color.h">
      <Filter>Header Files</Filter>
    </ClInclude>
    <ClInclude Include="..\..\public\tier0\dbg.h">
      <Filter>Header Files</Filter>
    </ClInclude>
    <ClInclude Include="..\..\public\eiface.h">
      <Filter>Header Files</Filter>
    </ClInclude>
    <ClInclude Include="..\..\public\filesystem.h">
      <Filter>Header Files</Filter>
    </ClInclude>
    <ClInclude Include="..\..\public\vstdlib\ICommandLine.h">
      <Filter>Header Files</Filter>
    </ClInclude>
    <ClInclude Include="..\..\public\igameevents.h">
      <Filter>Header Files</Filter>
    </ClInclude>
    <ClInclude Include="..\..\public\tier1\interface.h">
      <Filter>Header Files</Filter>
    </ClInclude>
    <ClInclude Include="..\..\public\game\server\iplayerinfo.h">
      <Filter>Header Files</Filter>
    </ClInclude>
    <ClInclude Include="..\..\public\engine\iserverplugin.h">
      <Filter>Header Files</Filter>
    </ClInclude>
    <ClInclude Include="..\..\public\tier1\KeyValues.h">
      <Filter>Header Files</Filter>
    </ClInclude>
    <ClInclude Include="public\lColor.h">
      <Filter>Header Files</Filter>
    </ClInclude>
    <ClInclude Include="public\tier0\ldbg.h">
      <Filter>Header Files</Filter>
    </ClInclude>
    <ClInclude Include="public\leiface.h">
      <Filter>Header Files</Filter>
    </ClInclude>
    <ClInclude Include="public\lfilesystem.h">
      <Filter>Header Files</Filter>
    </ClInclude>
    <ClInclude Include="public\lglobalvars_base.h">
      <Filter>Header Files</Filter>
    </ClInclude>
    <ClInclude Include="public\licvar.h">
      <Filter>Header Files</Filter>
    </ClInclude>
    <ClInclude Include="public\engine\liserverplugin.h">
      <Filter>Header Files</Filter>
    </ClInclude>
    <ClInclude Include="public\livoiceserver.h">
      <Filter>Header Files</Filter>
    </ClInclude>
    <ClInclude Include="public\vstdlib\lrandom.h">
      <Filter>Header Files</Filter>
    </ClInclude>
    <ClInclude Include="public\mathlib\lvector.h">
      <Filter>Header Files</Filter>
    </ClInclude>
    <ClInclude Include="game\server\mapentities.h">
      <Filter>Header Files</Filter>
    </ClInclude>
    <ClInclude Include="..\..\public\tier0\mem.h">
      <Filter>Header Files</Filter>
    </ClInclude>
    <ClInclude Include="..\..\public\tier0\memalloc.h">
      <Filter>Header Files</Filter>
    </ClInclude>
    <ClInclude Include="..\..\public\tier0\memdbgon.h">
      <Filter>Header Files</Filter>
    </ClInclude>
    <ClInclude Include="..\..\public\vstdlib\strtools.h">
      <Filter>Header Files</Filter>
    </ClInclude>
    <ClInclude Include="..\..\public\tier1\utlbuffer.h">
      <Filter>Header Files</Filter>
    </ClInclude>
    <ClInclude Include="..\..\public\tier1\utlmemory.h">
      <Filter>Header Files</Filter>
    </ClInclude>
    <ClInclude Include="..\..\public\tier1\utlvector.h">
      <Filter>Header Files</Filter>
    </ClInclude>
    <ClInclude Include="..\..\public\vstdlib\vstdlib.h">
      <Filter>Header Files</Filter>
    </ClInclude>
  </ItemGroup>
  <ItemGroup>
    <ClCompile Include="game\shared\basecombatcharacter_shared.cpp">
      <Filter>Source Files</Filter>
    </ClCompile>
    <ClCompile Include="game\server\baseentity.cpp">
      <Filter>Source Files</Filter>
    </ClCompile>
    <ClCompile Include="game\shared\baseentity_shared.cpp">
      <Filter>Source Files</Filter>
    </ClCompile>
    <ClCompile Include="game\shared\lbasecombatweapon_shared.cpp">
      <Filter>Source Files</Filter>
    </ClCompile>
    <ClCompile Include="game\shared\lbaseentity_shared.cpp">
      <Filter>Source Files</Filter>
    </ClCompile>
    <ClCompile Include="game\shared\lbaseplayer_shared.cpp">
      <Filter>Source Files</Filter>
    </ClCompile>
    <ClCompile Include="public\lColor.cpp">
      <Filter>Source Files</Filter>
    </ClCompile>
    <ClCompile Include="public\tier1\lconvar.cpp">
      <Filter>Source Files</Filter>
    </ClCompile>
    <ClCompile Include="public\tier0\ldbg.cpp">
      <Filter>Source Files</Filter>
    </ClCompile>
    <ClCompile Include="public\leiface.cpp">
      <Filter>Source Files</Filter>
    </ClCompile>
    <ClCompile Include="public\lfilesystem.cpp">
      <Filter>Source Files</Filter>
    </ClCompile>
    <ClCompile Include="public\lglobalvars_base.cpp">
      <Filter>Source Files</Filter>
    </ClCompile>
    <ClCompile Include="public\licvar.cpp">
      <Filter>Source Files</Filter>
    </ClCompile>
    <ClCompile Include="public\engine\liserverplugin.cpp">
      <Filter>Source Files</Filter>
    </ClCompile>
    <ClCompile Include="public\livoiceserver.cpp">
      <Filter>Source Files</Filter>
    </ClCompile>
    <ClCompile Include="public\vstdlib\lrandom.cpp">
      <Filter>Source Files</Filter>
    </ClCompile>
    <ClCompile Include="luamanager.cpp">
      <Filter>Source Files</Filter>
    </ClCompile>
    <ClCompile Include="game\server\lutil.cpp">
      <Filter>Source Files</Filter>
    </ClCompile>
    <ClCompile Include="public\mathlib\lvector.cpp">
      <Filter>Source Files</Filter>
    </ClCompile>
    <ClCompile Include="game\server\mapentities.cpp">
      <Filter>Source Files</Filter>
    </ClCompile>
    <ClCompile Include="..\..\public\tier0\memoverride.cpp">
      <Filter>Source Files</Filter>
    </ClCompile>
    <ClCompile Include="game\server\player.cpp">
      <Filter>Source Files</Filter>
    </ClCompile>
    <ClCompile Include="sigscan.cpp">
      <Filter>Source Files</Filter>
    </ClCompile>
    <ClCompile Include="sourcelua.cpp">
      <Filter>Source Files</Filter>
    </ClCompile>
    <ClCompile Include="game\server\util.cpp">
      <Filter>Source Files</Filter>
    </ClCompile>
  </ItemGroup>
  <ItemGroup>
    <Library Include="..\..\lua-5.1.4\src\lua51.lib">
      <Filter>Link Libraries</Filter>
    </Library>
    <Library Include="..\..\lib\public\mathlib.lib">
      <Filter>Link Libraries</Filter>
    </Library>
    <Library Include="..\..\lib\public\tier0.lib">
      <Filter>Link Libraries</Filter>
    </Library>
    <Library Include="..\..\lib\public\tier1.lib">
      <Filter>Link Libraries</Filter>
    </Library>
    <Library Include="..\..\lib\public\tier2.lib">
      <Filter>Link Libraries</Filter>
    </Library>
    <Library Include="..\..\lib\public\vstdlib.lib">
      <Filter>Link Libraries</Filter>
    </Library>
  </ItemGroup>
</Project>